
Microsoft Visual Studio Solution File, Format Version 12.00
Project("{FAE04EC0-301F-11D3-BF4B-00C04F79EFBC}") = "GymLogsParser", "GymLogsParser\GymLogsParser.csproj", "{315B8459-5E0A-4258-BEF5-5B02697F6F34}"
EndProject
Project("{FAE04EC0-301F-11D3-BF4B-00C04F79EFBC}") = "Infrastructure", "Infrastructure\Infrastructure.csproj", "{C180E9A8-F3CE-4C5F-A4B3-6C18EA9DA1D4}"
EndProject
Global
	GlobalSection(SolutionConfigurationPlatforms) = preSolution
		Debug|Any CPU = Debug|Any CPU
		Release|Any CPU = Release|Any CPU
	EndGlobalSection
	GlobalSection(ProjectConfigurationPlatforms) = postSolution
		{315B8459-5E0A-4258-BEF5-5B02697F6F34}.Debug|Any CPU.ActiveCfg = Debug|Any CPU
		{315B8459-5E0A-4258-BEF5-5B02697F6F34}.Debug|Any CPU.Build.0 = Debug|Any CPU
		{315B8459-5E0A-4258-BEF5-5B02697F6F34}.Release|Any CPU.ActiveCfg = Release|Any CPU
		{315B8459-5E0A-4258-BEF5-5B02697F6F34}.Release|Any CPU.Build.0 = Release|Any CPU
		{C180E9A8-F3CE-4C5F-A4B3-6C18EA9DA1D4}.Debug|Any CPU.ActiveCfg = Debug|Any CPU
		{C180E9A8-F3CE-4C5F-A4B3-6C18EA9DA1D4}.Debug|Any CPU.Build.0 = Debug|Any CPU
		{C180E9A8-F3CE-4C5F-A4B3-6C18EA9DA1D4}.Release|Any CPU.ActiveCfg = Release|Any CPU
		{C180E9A8-F3CE-4C5F-A4B3-6C18EA9DA1D4}.Release|Any CPU.Build.0 = Release|Any CPU
	EndGlobalSection
EndGlobal
